// !$*UTF8*$!
{
	archiveVersion = 1;
	classes = {
	};
	objectVersion = 46;
	objects = {

/* Begin PBXBuildFile section */
		35046C1F1B41ADB500FFD05C /* MainMenu.swift in Sources */ = {isa = PBXBuildFile; fileRef = 35046C1E1B41ADB500FFD05C /* MainMenu.swift */; };
		352A505B1B457A6C001DC746 /* UIButton+BothStateImage.swift in Sources */ = {isa = PBXBuildFile; fileRef = 352A505A1B457A6C001DC746 /* UIButton+BothStateImage.swift */; };
		352A505D1B45B86D001DC746 /* loop.mp3 in Resources */ = {isa = PBXBuildFile; fileRef = 352A505C1B45B86D001DC746 /* loop.mp3 */; };
		35D060471B4481AF00AD3E99 /* Overloading.swift in Sources */ = {isa = PBXBuildFile; fileRef = 35D060461B4481AF00AD3E99 /* Overloading.swift */; };
		B91160AC1B39E61100187052 /* UIColor+Flat.swift in Sources */ = {isa = PBXBuildFile; fileRef = B91160AB1B39E61100187052 /* UIColor+Flat.swift */; };
		B91160AE1B3B2C9400187052 /* Images.xcassets in Resources */ = {isa = PBXBuildFile; fileRef = B91160AD1B3B2C9400187052 /* Images.xcassets */; };
		B91160B01B3C664000187052 /* Enemy.swift in Sources */ = {isa = PBXBuildFile; fileRef = B91160AF1B3C664000187052 /* Enemy.swift */; };
		B91160B21B3C678D00187052 /* GameManager.swift in Sources */ = {isa = PBXBuildFile; fileRef = B91160B11B3C678D00187052 /* GameManager.swift */; };
		B91160B41B3C67E700187052 /* SoundManager.swift in Sources */ = {isa = PBXBuildFile; fileRef = B91160B31B3C67E700187052 /* SoundManager.swift */; };
		B91160B71B3C6A0D00187052 /* TriangleShip.swift in Sources */ = {isa = PBXBuildFile; fileRef = B91160B61B3C6A0D00187052 /* TriangleShip.swift */; };
		B91160B91B3C6BEB00187052 /* Player.swift in Sources */ = {isa = PBXBuildFile; fileRef = B91160B81B3C6BEB00187052 /* Player.swift */; };
		B91160C11B3F407400187052 /* TestMP3.mp3 in Resources */ = {isa = PBXBuildFile; fileRef = B91160C01B3F407400187052 /* TestMP3.mp3 */; };
		B91160C31B3F4F4600187052 /* SKNode+Utils.swift in Sources */ = {isa = PBXBuildFile; fileRef = B91160C21B3F4F4600187052 /* SKNode+Utils.swift */; };
		B93086261B2103D900822E47 /* AppDelegate.swift in Sources */ = {isa = PBXBuildFile; fileRef = B93086251B2103D900822E47 /* AppDelegate.swift */; };
		B930862A1B2103D900822E47 /* GameScene.swift in Sources */ = {isa = PBXBuildFile; fileRef = B93086291B2103D900822E47 /* GameScene.swift */; };
		B930862C1B2103D900822E47 /* GameViewController.swift in Sources */ = {isa = PBXBuildFile; fileRef = B930862B1B2103D900822E47 /* GameViewController.swift */; };
		B930862F1B2103D900822E47 /* Main.storyboard in Resources */ = {isa = PBXBuildFile; fileRef = B930862D1B2103D900822E47 /* Main.storyboard */; };
		B93086341B2103D900822E47 /* LaunchScreen.xib in Resources */ = {isa = PBXBuildFile; fileRef = B93086321B2103D900822E47 /* LaunchScreen.xib */; };
		B930864F1B210BBB00822E47 /* AnalogStick.swift in Sources */ = {isa = PBXBuildFile; fileRef = B930864C1B210BBB00822E47 /* AnalogStick.swift */; };
		B93086501B210BBB00822E47 /* aSBgImg.png in Resources */ = {isa = PBXBuildFile; fileRef = B930864D1B210BBB00822E47 /* aSBgImg.png */; };
		B93086511B210BBB00822E47 /* aSThumbImg.png in Resources */ = {isa = PBXBuildFile; fileRef = B930864E1B210BBB00822E47 /* aSThumbImg.png */; };
		B9451C5A1B24E68100B8978C /* Rope.swift in Sources */ = {isa = PBXBuildFile; fileRef = B9451C591B24E68100B8978C /* Rope.swift */; };
		B94B3EB31B43249E00D72FF8 /* DestroyableNode.swift in Sources */ = {isa = PBXBuildFile; fileRef = B94B3EB21B43249E00D72FF8 /* DestroyableNode.swift */; };
		B95313DF1B41BB7300131A53 /* Icklips_.ttf in Resources */ = {isa = PBXBuildFile; fileRef = B95313DE1B41B77800131A53 /* Icklips_.ttf */; };
		B95D031F1B28ECA200885F90 /* GameScene.sks in Resources */ = {isa = PBXBuildFile; fileRef = B95D031E1B28ECA200885F90 /* GameScene.sks */; };
		B95D81D51B43001100091F87 /* impact.wav in Resources */ = {isa = PBXBuildFile; fileRef = B95D81D41B43001100091F87 /* impact.wav */; };
		B98988AE1B38918C007CD469 /* scanline.fsh in Resources */ = {isa = PBXBuildFile; fileRef = B98988AD1B38918C007CD469 /* scanline.fsh */; };
		B98C0A0F1B4456C300394C09 /* UIImage+ImageColor.swift in Sources */ = {isa = PBXBuildFile; fileRef = B98C0A0E1B4456C300394C09 /* UIImage+ImageColor.swift */; };
		B9DEBDC21B5435B200A201B5 /* UnityAds.bundle in Resources */ = {isa = PBXBuildFile; fileRef = B9DEBDC01B5435B200A201B5 /* UnityAds.bundle */; };
		B9DEBDC31B5435B200A201B5 /* UnityAds.framework in Frameworks */ = {isa = PBXBuildFile; fileRef = B9DEBDC11B5435B200A201B5 /* UnityAds.framework */; };
		B9DEBDC91B54372300A201B5 /* CoreTelephony.framework in Frameworks */ = {isa = PBXBuildFile; fileRef = B9DEBDC81B54372300A201B5 /* CoreTelephony.framework */; };
		B9DEBDCB1B54373900A201B5 /* AdSupport.framework in Frameworks */ = {isa = PBXBuildFile; fileRef = B9DEBDCA1B54373900A201B5 /* AdSupport.framework */; };
		B9DEBDCD1B54377E00A201B5 /* SystemConfiguration.framework in Frameworks */ = {isa = PBXBuildFile; fileRef = B9DEBDCC1B54377E00A201B5 /* SystemConfiguration.framework */; };
		DBF0A1C81B3C6EC5002C2D76 /* IA.swift in Sources */ = {isa = PBXBuildFile; fileRef = DBF0A1C71B3C6EC5002C2D76 /* IA.swift */; };
		DBF5FEC01B41BB3B003D9391 /* GameCenterManager.swift in Sources */ = {isa = PBXBuildFile; fileRef = DBF5FEBF1B41BB3B003D9391 /* GameCenterManager.swift */; };
		DBF5FEC21B430FE1003D9391 /* GameKit.framework in Frameworks */ = {isa = PBXBuildFile; fileRef = DBF5FEC11B430FE1003D9391 /* GameKit.framework */; };
		DBF5FECC1B445122003D9391 /* InterfaceController.swift in Sources */ = {isa = PBXBuildFile; fileRef = DBF5FECB1B445122003D9391 /* InterfaceController.swift */; };
		DBF5FECE1B445122003D9391 /* GlanceController.swift in Sources */ = {isa = PBXBuildFile; fileRef = DBF5FECD1B445122003D9391 /* GlanceController.swift */; };
		DBF5FED01B445122003D9391 /* Images.xcassets in Resources */ = {isa = PBXBuildFile; fileRef = DBF5FECF1B445122003D9391 /* Images.xcassets */; };
		DBF5FED41B445122003D9391 /* MC2 WatchKit App.app in Resources */ = {isa = PBXBuildFile; fileRef = DBF5FED31B445122003D9391 /* MC2 WatchKit App.app */; };
		DBF5FEDC1B445122003D9391 /* Interface.storyboard in Resources */ = {isa = PBXBuildFile; fileRef = DBF5FEDA1B445122003D9391 /* Interface.storyboard */; };
		DBF5FEDE1B445122003D9391 /* Images.xcassets in Resources */ = {isa = PBXBuildFile; fileRef = DBF5FEDD1B445122003D9391 /* Images.xcassets */; };
		DBF5FEE11B445122003D9391 /* MC2 WatchKit Extension.appex in Embed App Extensions */ = {isa = PBXBuildFile; fileRef = DBF5FEC71B445122003D9391 /* MC2 WatchKit Extension.appex */; settings = {ATTRIBUTES = (RemoveHeadersOnCopy, ); }; };
/* End PBXBuildFile section */

/* Begin PBXContainerItemProxy section */
		DBF5FED51B445122003D9391 /* PBXContainerItemProxy */ = {
			isa = PBXContainerItemProxy;
			containerPortal = B93086181B2103D900822E47 /* Project object */;
			proxyType = 1;
			remoteGlobalIDString = DBF5FED21B445122003D9391;
			remoteInfo = "MC2 WatchKit App";
		};
		DBF5FEDF1B445122003D9391 /* PBXContainerItemProxy */ = {
			isa = PBXContainerItemProxy;
			containerPortal = B93086181B2103D900822E47 /* Project object */;
			proxyType = 1;
			remoteGlobalIDString = DBF5FEC61B445122003D9391;
			remoteInfo = "MC2 WatchKit Extension";
		};
/* End PBXContainerItemProxy section */

/* Begin PBXCopyFilesBuildPhase section */
		DBF5FEE81B445122003D9391 /* Embed App Extensions */ = {
			isa = PBXCopyFilesBuildPhase;
			buildActionMask = 2147483647;
			dstPath = "";
			dstSubfolderSpec = 13;
			files = (
				DBF5FEE11B445122003D9391 /* MC2 WatchKit Extension.appex in Embed App Extensions */,
			);
			name = "Embed App Extensions";
			runOnlyForDeploymentPostprocessing = 0;
		};
/* End PBXCopyFilesBuildPhase section */

/* Begin PBXFileReference section */
		35046C1E1B41ADB500FFD05C /* MainMenu.swift */ = {isa = PBXFileReference; fileEncoding = 4; lastKnownFileType = sourcecode.swift; path = MainMenu.swift; sourceTree = "<group>"; };
		352A505A1B457A6C001DC746 /* UIButton+BothStateImage.swift */ = {isa = PBXFileReference; fileEncoding = 4; lastKnownFileType = sourcecode.swift; path = "UIButton+BothStateImage.swift"; sourceTree = "<group>"; };
		352A505C1B45B86D001DC746 /* loop.mp3 */ = {isa = PBXFileReference; lastKnownFileType = audio.mp3; path = loop.mp3; sourceTree = "<group>"; };
		35D060461B4481AF00AD3E99 /* Overloading.swift */ = {isa = PBXFileReference; fileEncoding = 4; lastKnownFileType = sourcecode.swift; path = Overloading.swift; sourceTree = "<group>"; };
		B91160AB1B39E61100187052 /* UIColor+Flat.swift */ = {isa = PBXFileReference; fileEncoding = 4; lastKnownFileType = sourcecode.swift; name = "UIColor+Flat.swift"; path = "Extensions/UIColor+Flat.swift"; sourceTree = "<group>"; };
		B91160AD1B3B2C9400187052 /* Images.xcassets */ = {isa = PBXFileReference; lastKnownFileType = folder.assetcatalog; path = Images.xcassets; sourceTree = "<group>"; };
		B91160AF1B3C664000187052 /* Enemy.swift */ = {isa = PBXFileReference; fileEncoding = 4; lastKnownFileType = sourcecode.swift; name = Enemy.swift; path = Classes/Enemy.swift; sourceTree = "<group>"; };
		B91160B11B3C678D00187052 /* GameManager.swift */ = {isa = PBXFileReference; fileEncoding = 4; lastKnownFileType = sourcecode.swift; path = GameManager.swift; sourceTree = "<group>"; };
		B91160B31B3C67E700187052 /* SoundManager.swift */ = {isa = PBXFileReference; fileEncoding = 4; lastKnownFileType = sourcecode.swift; path = SoundManager.swift; sourceTree = "<group>"; };
		B91160B61B3C6A0D00187052 /* TriangleShip.swift */ = {isa = PBXFileReference; fileEncoding = 4; lastKnownFileType = sourcecode.swift; name = TriangleShip.swift; path = Classes/Enemies/TriangleShip.swift; sourceTree = "<group>"; };
		B91160B81B3C6BEB00187052 /* Player.swift */ = {isa = PBXFileReference; fileEncoding = 4; lastKnownFileType = sourcecode.swift; name = Player.swift; path = Classes/Player.swift; sourceTree = "<group>"; };
		B91160C01B3F407400187052 /* TestMP3.mp3 */ = {isa = PBXFileReference; lastKnownFileType = audio.mp3; path = TestMP3.mp3; sourceTree = "<group>"; };
		B91160C21B3F4F4600187052 /* SKNode+Utils.swift */ = {isa = PBXFileReference; fileEncoding = 4; lastKnownFileType = sourcecode.swift; name = "SKNode+Utils.swift"; path = "Extensions/SKNode+Utils.swift"; sourceTree = "<group>"; };
		B93086201B2103D900822E47 /* Neon Fighter.app */ = {isa = PBXFileReference; explicitFileType = wrapper.application; includeInIndex = 0; path = "Neon Fighter.app"; sourceTree = BUILT_PRODUCTS_DIR; };
		B93086241B2103D900822E47 /* Info.plist */ = {isa = PBXFileReference; lastKnownFileType = text.plist.xml; path = Info.plist; sourceTree = "<group>"; };
		B93086251B2103D900822E47 /* AppDelegate.swift */ = {isa = PBXFileReference; lastKnownFileType = sourcecode.swift; path = AppDelegate.swift; sourceTree = "<group>"; };
		B93086291B2103D900822E47 /* GameScene.swift */ = {isa = PBXFileReference; lastKnownFileType = sourcecode.swift; path = GameScene.swift; sourceTree = "<group>"; };
		B930862B1B2103D900822E47 /* GameViewController.swift */ = {isa = PBXFileReference; lastKnownFileType = sourcecode.swift; path = GameViewController.swift; sourceTree = "<group>"; };
		B930862E1B2103D900822E47 /* Base */ = {isa = PBXFileReference; lastKnownFileType = file.storyboard; name = Base; path = Base.lproj/Main.storyboard; sourceTree = "<group>"; };
		B93086331B2103D900822E47 /* Base */ = {isa = PBXFileReference; lastKnownFileType = file.xib; name = Base; path = Base.lproj/LaunchScreen.xib; sourceTree = "<group>"; };
		B930864C1B210BBB00822E47 /* AnalogStick.swift */ = {isa = PBXFileReference; fileEncoding = 4; lastKnownFileType = sourcecode.swift; path = AnalogStick.swift; sourceTree = "<group>"; };
		B930864D1B210BBB00822E47 /* aSBgImg.png */ = {isa = PBXFileReference; lastKnownFileType = image.png; path = aSBgImg.png; sourceTree = "<group>"; };
		B930864E1B210BBB00822E47 /* aSThumbImg.png */ = {isa = PBXFileReference; lastKnownFileType = image.png; path = aSThumbImg.png; sourceTree = "<group>"; };
		B9451C591B24E68100B8978C /* Rope.swift */ = {isa = PBXFileReference; fileEncoding = 4; lastKnownFileType = sourcecode.swift; name = Rope.swift; path = Classes/Rope.swift; sourceTree = "<group>"; };
		B94B3EB21B43249E00D72FF8 /* DestroyableNode.swift */ = {isa = PBXFileReference; fileEncoding = 4; lastKnownFileType = sourcecode.swift; name = DestroyableNode.swift; path = Classes/DestroyableNode.swift; sourceTree = "<group>"; };
		B95313DE1B41B77800131A53 /* Icklips_.ttf */ = {isa = PBXFileReference; lastKnownFileType = file; path = Icklips_.ttf; sourceTree = "<group>"; };
		B95D031E1B28ECA200885F90 /* GameScene.sks */ = {isa = PBXFileReference; lastKnownFileType = file.sks; path = GameScene.sks; sourceTree = "<group>"; };
		B95D81D41B43001100091F87 /* impact.wav */ = {isa = PBXFileReference; lastKnownFileType = audio.wav; path = impact.wav; sourceTree = "<group>"; };
		B98988AD1B38918C007CD469 /* scanline.fsh */ = {isa = PBXFileReference; fileEncoding = 4; lastKnownFileType = sourcecode.glsl; path = scanline.fsh; sourceTree = "<group>"; };
		B98C0A0E1B4456C300394C09 /* UIImage+ImageColor.swift */ = {isa = PBXFileReference; fileEncoding = 4; lastKnownFileType = sourcecode.swift; path = "UIImage+ImageColor.swift"; sourceTree = "<group>"; };
		B9DEBDC01B5435B200A201B5 /* UnityAds.bundle */ = {isa = PBXFileReference; lastKnownFileType = "wrapper.plug-in"; path = UnityAds.bundle; sourceTree = "<group>"; };
		B9DEBDC11B5435B200A201B5 /* UnityAds.framework */ = {isa = PBXFileReference; lastKnownFileType = wrapper.framework; path = UnityAds.framework; sourceTree = "<group>"; };
		B9DEBDC41B54364700A201B5 /* Neon Fighter-Bridging-Header.h */ = {isa = PBXFileReference; lastKnownFileType = sourcecode.c.h; path = "Neon Fighter-Bridging-Header.h"; sourceTree = "<group>"; };
		B9DEBDC81B54372300A201B5 /* CoreTelephony.framework */ = {isa = PBXFileReference; lastKnownFileType = wrapper.framework; name = CoreTelephony.framework; path = System/Library/Frameworks/CoreTelephony.framework; sourceTree = SDKROOT; };
		B9DEBDCA1B54373900A201B5 /* AdSupport.framework */ = {isa = PBXFileReference; lastKnownFileType = wrapper.framework; name = AdSupport.framework; path = System/Library/Frameworks/AdSupport.framework; sourceTree = SDKROOT; };
		B9DEBDCC1B54377E00A201B5 /* SystemConfiguration.framework */ = {isa = PBXFileReference; lastKnownFileType = wrapper.framework; name = SystemConfiguration.framework; path = System/Library/Frameworks/SystemConfiguration.framework; sourceTree = SDKROOT; };
		DBF0A1C71B3C6EC5002C2D76 /* IA.swift */ = {isa = PBXFileReference; fileEncoding = 4; lastKnownFileType = sourcecode.swift; path = IA.swift; sourceTree = "<group>"; };
		DBF5FEBF1B41BB3B003D9391 /* GameCenterManager.swift */ = {isa = PBXFileReference; fileEncoding = 4; lastKnownFileType = sourcecode.swift; path = GameCenterManager.swift; sourceTree = "<group>"; };
		DBF5FEC11B430FE1003D9391 /* GameKit.framework */ = {isa = PBXFileReference; lastKnownFileType = wrapper.framework; name = GameKit.framework; path = System/Library/Frameworks/GameKit.framework; sourceTree = SDKROOT; };
		DBF5FEC71B445122003D9391 /* MC2 WatchKit Extension.appex */ = {isa = PBXFileReference; explicitFileType = "wrapper.app-extension"; includeInIndex = 0; path = "MC2 WatchKit Extension.appex"; sourceTree = BUILT_PRODUCTS_DIR; };
		DBF5FECA1B445122003D9391 /* Info.plist */ = {isa = PBXFileReference; lastKnownFileType = text.plist.xml; path = Info.plist; sourceTree = "<group>"; };
		DBF5FECB1B445122003D9391 /* InterfaceController.swift */ = {isa = PBXFileReference; lastKnownFileType = sourcecode.swift; path = InterfaceController.swift; sourceTree = "<group>"; };
		DBF5FECD1B445122003D9391 /* GlanceController.swift */ = {isa = PBXFileReference; lastKnownFileType = sourcecode.swift; path = GlanceController.swift; sourceTree = "<group>"; };
		DBF5FECF1B445122003D9391 /* Images.xcassets */ = {isa = PBXFileReference; lastKnownFileType = folder.assetcatalog; path = Images.xcassets; sourceTree = "<group>"; };
		DBF5FED31B445122003D9391 /* MC2 WatchKit App.app */ = {isa = PBXFileReference; explicitFileType = wrapper.application; includeInIndex = 0; path = "MC2 WatchKit App.app"; sourceTree = BUILT_PRODUCTS_DIR; };
		DBF5FED91B445122003D9391 /* Info.plist */ = {isa = PBXFileReference; lastKnownFileType = text.plist.xml; path = Info.plist; sourceTree = "<group>"; };
		DBF5FEDB1B445122003D9391 /* Base */ = {isa = PBXFileReference; lastKnownFileType = file.storyboard; name = Base; path = Base.lproj/Interface.storyboard; sourceTree = "<group>"; };
		DBF5FEDD1B445122003D9391 /* Images.xcassets */ = {isa = PBXFileReference; lastKnownFileType = folder.assetcatalog; path = Images.xcassets; sourceTree = "<group>"; };
/* End PBXFileReference section */

/* Begin PBXFrameworksBuildPhase section */
		B930861D1B2103D900822E47 /* Frameworks */ = {
			isa = PBXFrameworksBuildPhase;
			buildActionMask = 2147483647;
			files = (
				B9DEBDCD1B54377E00A201B5 /* SystemConfiguration.framework in Frameworks */,
				B9DEBDCB1B54373900A201B5 /* AdSupport.framework in Frameworks */,
				B9DEBDC91B54372300A201B5 /* CoreTelephony.framework in Frameworks */,
				DBF5FEC21B430FE1003D9391 /* GameKit.framework in Frameworks */,
				B9DEBDC31B5435B200A201B5 /* UnityAds.framework in Frameworks */,
			);
			runOnlyForDeploymentPostprocessing = 0;
		};
		DBF5FEC41B445122003D9391 /* Frameworks */ = {
			isa = PBXFrameworksBuildPhase;
			buildActionMask = 2147483647;
			files = (
			);
			runOnlyForDeploymentPostprocessing = 0;
		};
/* End PBXFrameworksBuildPhase section */

/* Begin PBXGroup section */
		35D060451B44818300AD3E99 /* Helper */ = {
			isa = PBXGroup;
			children = (
				35D060461B4481AF00AD3E99 /* Overloading.swift */,
			);
			name = Helper;
			sourceTree = "<group>";
		};
		B91160B51B3C699700187052 /* Enemies */ = {
			isa = PBXGroup;
			children = (
				B91160B61B3C6A0D00187052 /* TriangleShip.swift */,
			);
			name = Enemies;
			sourceTree = "<group>";
		};
		B93086171B2103D900822E47 = {
			isa = PBXGroup;
			children = (
				B9DEBDCC1B54377E00A201B5 /* SystemConfiguration.framework */,
				B9DEBDCA1B54373900A201B5 /* AdSupport.framework */,
				B9DEBDC81B54372300A201B5 /* CoreTelephony.framework */,
				DBF5FEC11B430FE1003D9391 /* GameKit.framework */,
				B93086221B2103D900822E47 /* MC2 */,
				DBF5FEC81B445122003D9391 /* MC2 WatchKit Extension */,
				DBF5FED71B445122003D9391 /* MC2 WatchKit App */,
				B93086211B2103D900822E47 /* Products */,
			);
			sourceTree = "<group>";
		};
		B93086211B2103D900822E47 /* Products */ = {
			isa = PBXGroup;
			children = (
				B93086201B2103D900822E47 /* Neon Fighter.app */,
				DBF5FEC71B445122003D9391 /* MC2 WatchKit Extension.appex */,
				DBF5FED31B445122003D9391 /* MC2 WatchKit App.app */,
			);
			name = Products;
			sourceTree = "<group>";
		};
		B93086221B2103D900822E47 /* MC2 */ = {
			isa = PBXGroup;
			children = (
				B9DEBDC01B5435B200A201B5 /* UnityAds.bundle */,
				B9DEBDC11B5435B200A201B5 /* UnityAds.framework */,
				35D060451B44818300AD3E99 /* Helper */,
				B9451C5B1B2525EC00B8978C /* Extension */,
				B9451C581B24E39900B8978C /* Classes */,
				B930864B1B210BBB00822E47 /* AnalogStick */,
				B930864A1B21052C00822E47 /* Controllers */,
				B93086491B2104DC00822E47 /* Scenes */,
				B93086231B2103D900822E47 /* Supporting Files */,
				B91160B11B3C678D00187052 /* GameManager.swift */,
				B91160B31B3C67E700187052 /* SoundManager.swift */,
			);
			path = MC2;
			sourceTree = "<group>";
		};
		B93086231B2103D900822E47 /* Supporting Files */ = {
			isa = PBXGroup;
			children = (
				B98988AD1B38918C007CD469 /* scanline.fsh */,
				B930862D1B2103D900822E47 /* Main.storyboard */,
				B93086321B2103D900822E47 /* LaunchScreen.xib */,
				B93086251B2103D900822E47 /* AppDelegate.swift */,
				B93086241B2103D900822E47 /* Info.plist */,
				B91160AD1B3B2C9400187052 /* Images.xcassets */,
				B91160C01B3F407400187052 /* TestMP3.mp3 */,
				352A505C1B45B86D001DC746 /* loop.mp3 */,
				B95D81D41B43001100091F87 /* impact.wav */,
				B95313DE1B41B77800131A53 /* Icklips_.ttf */,
				B9DEBDC41B54364700A201B5 /* Neon Fighter-Bridging-Header.h */,
			);
			path = "Supporting Files";
			sourceTree = "<group>";
		};
		B93086491B2104DC00822E47 /* Scenes */ = {
			isa = PBXGroup;
			children = (
				B95D031E1B28ECA200885F90 /* GameScene.sks */,
				B93086291B2103D900822E47 /* GameScene.swift */,
				35046C1E1B41ADB500FFD05C /* MainMenu.swift */,
			);
			path = Scenes;
			sourceTree = "<group>";
		};
		B930864A1B21052C00822E47 /* Controllers */ = {
			isa = PBXGroup;
			children = (
				B930862B1B2103D900822E47 /* GameViewController.swift */,
			);
			path = Controllers;
			sourceTree = "<group>";
		};
		B930864B1B210BBB00822E47 /* AnalogStick */ = {
			isa = PBXGroup;
			children = (
				B930864C1B210BBB00822E47 /* AnalogStick.swift */,
				B930864D1B210BBB00822E47 /* aSBgImg.png */,
				B930864E1B210BBB00822E47 /* aSThumbImg.png */,
			);
			path = AnalogStick;
			sourceTree = "<group>";
		};
		B9451C581B24E39900B8978C /* Classes */ = {
			isa = PBXGroup;
			children = (
				B91160B51B3C699700187052 /* Enemies */,
				B9451C591B24E68100B8978C /* Rope.swift */,
				B91160AF1B3C664000187052 /* Enemy.swift */,
				B91160B81B3C6BEB00187052 /* Player.swift */,
				DBF0A1C71B3C6EC5002C2D76 /* IA.swift */,
				B94B3EB21B43249E00D72FF8 /* DestroyableNode.swift */,
				DBF5FEBF1B41BB3B003D9391 /* GameCenterManager.swift */,
			);
			name = Classes;
			sourceTree = "<group>";
		};
		B9451C5B1B2525EC00B8978C /* Extension */ = {
			isa = PBXGroup;
			children = (
				B98C0A0E1B4456C300394C09 /* UIImage+ImageColor.swift */,
				352A505A1B457A6C001DC746 /* UIButton+BothStateImage.swift */,
				B91160AB1B39E61100187052 /* UIColor+Flat.swift */,
				B91160C21B3F4F4600187052 /* SKNode+Utils.swift */,
			);
			name = Extension;
			sourceTree = "<group>";
		};
		DBF5FEC81B445122003D9391 /* MC2 WatchKit Extension */ = {
			isa = PBXGroup;
			children = (
				DBF5FECB1B445122003D9391 /* InterfaceController.swift */,
				DBF5FECD1B445122003D9391 /* GlanceController.swift */,
				DBF5FECF1B445122003D9391 /* Images.xcassets */,
				DBF5FEC91B445122003D9391 /* Supporting Files */,
			);
			path = "MC2 WatchKit Extension";
			sourceTree = "<group>";
		};
		DBF5FEC91B445122003D9391 /* Supporting Files */ = {
			isa = PBXGroup;
			children = (
				DBF5FECA1B445122003D9391 /* Info.plist */,
			);
			name = "Supporting Files";
			sourceTree = "<group>";
		};
		DBF5FED71B445122003D9391 /* MC2 WatchKit App */ = {
			isa = PBXGroup;
			children = (
				DBF5FEDA1B445122003D9391 /* Interface.storyboard */,
				DBF5FEDD1B445122003D9391 /* Images.xcassets */,
				DBF5FED81B445122003D9391 /* Supporting Files */,
			);
			path = "MC2 WatchKit App";
			sourceTree = "<group>";
		};
		DBF5FED81B445122003D9391 /* Supporting Files */ = {
			isa = PBXGroup;
			children = (
				DBF5FED91B445122003D9391 /* Info.plist */,
			);
			name = "Supporting Files";
			sourceTree = "<group>";
		};
/* End PBXGroup section */

/* Begin PBXNativeTarget section */
		B930861F1B2103D900822E47 /* Neon Fighter */ = {
			isa = PBXNativeTarget;
			buildConfigurationList = B93086431B2103D900822E47 /* Build configuration list for PBXNativeTarget "Neon Fighter" */;
			buildPhases = (
				B930861C1B2103D900822E47 /* Sources */,
				B930861D1B2103D900822E47 /* Frameworks */,
				B930861E1B2103D900822E47 /* Resources */,
				DBF5FEE81B445122003D9391 /* Embed App Extensions */,
			);
			buildRules = (
			);
			dependencies = (
				DBF5FEE01B445122003D9391 /* PBXTargetDependency */,
			);
			name = "Neon Fighter";
			productName = MC2;
			productReference = B93086201B2103D900822E47 /* Neon Fighter.app */;
			productType = "com.apple.product-type.application";
		};
		DBF5FEC61B445122003D9391 /* MC2 WatchKit Extension */ = {
			isa = PBXNativeTarget;
			buildConfigurationList = DBF5FEE71B445122003D9391 /* Build configuration list for PBXNativeTarget "MC2 WatchKit Extension" */;
			buildPhases = (
				DBF5FEC31B445122003D9391 /* Sources */,
				DBF5FEC41B445122003D9391 /* Frameworks */,
				DBF5FEC51B445122003D9391 /* Resources */,
			);
			buildRules = (
			);
			dependencies = (
				DBF5FED61B445122003D9391 /* PBXTargetDependency */,
			);
			name = "MC2 WatchKit Extension";
			productName = "MC2 WatchKit Extension";
			productReference = DBF5FEC71B445122003D9391 /* MC2 WatchKit Extension.appex */;
			productType = "com.apple.product-type.watchkit-extension";
		};
		DBF5FED21B445122003D9391 /* MC2 WatchKit App */ = {
			isa = PBXNativeTarget;
			buildConfigurationList = DBF5FEE61B445122003D9391 /* Build configuration list for PBXNativeTarget "MC2 WatchKit App" */;
			buildPhases = (
				DBF5FED11B445122003D9391 /* Resources */,
			);
			buildRules = (
			);
			dependencies = (
			);
			name = "MC2 WatchKit App";
			productName = "MC2 WatchKit App";
			productReference = DBF5FED31B445122003D9391 /* MC2 WatchKit App.app */;
			productType = "com.apple.product-type.application.watchapp";
		};
/* End PBXNativeTarget section */

/* Begin PBXProject section */
		B93086181B2103D900822E47 /* Project object */ = {
			isa = PBXProject;
			attributes = {
				LastUpgradeCheck = 0630;
				TargetAttributes = {
					B930861F1B2103D900822E47 = {
						CreatedOnToolsVersion = 6.3.1;
						DevelopmentTeam = DVXNNDG4U4;
						SystemCapabilities = {
							com.apple.GameCenter = {
								enabled = 1;
							};
						};
					};
					DBF5FEC61B445122003D9391 = {
						CreatedOnToolsVersion = 6.3.2;
						DevelopmentTeam = DVXNNDG4U4;
					};
					DBF5FED21B445122003D9391 = {
						CreatedOnToolsVersion = 6.3.2;
					};
				};
			};
			buildConfigurationList = B930861B1B2103D900822E47 /* Build configuration list for PBXProject "MC2" */;
			compatibilityVersion = "Xcode 3.2";
			developmentRegion = English;
			hasScannedForEncodings = 0;
			knownRegions = (
				en,
				Base,
			);
			mainGroup = B93086171B2103D900822E47;
			productRefGroup = B93086211B2103D900822E47 /* Products */;
			projectDirPath = "";
			projectRoot = "";
			targets = (
				B930861F1B2103D900822E47 /* Neon Fighter */,
				DBF5FEC61B445122003D9391 /* MC2 WatchKit Extension */,
				DBF5FED21B445122003D9391 /* MC2 WatchKit App */,
			);
		};
/* End PBXProject section */

/* Begin PBXResourcesBuildPhase section */
		B930861E1B2103D900822E47 /* Resources */ = {
			isa = PBXResourcesBuildPhase;
			buildActionMask = 2147483647;
			files = (
				B9DEBDC21B5435B200A201B5 /* UnityAds.bundle in Resources */,
				B95D81D51B43001100091F87 /* impact.wav in Resources */,
				B93086501B210BBB00822E47 /* aSBgImg.png in Resources */,
				B91160C11B3F407400187052 /* TestMP3.mp3 in Resources */,
				B95313DF1B41BB7300131A53 /* Icklips_.ttf in Resources */,
				B91160AE1B3B2C9400187052 /* Images.xcassets in Resources */,
				B98988AE1B38918C007CD469 /* scanline.fsh in Resources */,
				B93086341B2103D900822E47 /* LaunchScreen.xib in Resources */,
				B930862F1B2103D900822E47 /* Main.storyboard in Resources */,
				352A505D1B45B86D001DC746 /* loop.mp3 in Resources */,
				B95D031F1B28ECA200885F90 /* GameScene.sks in Resources */,
				B93086511B210BBB00822E47 /* aSThumbImg.png in Resources */,
			);
			runOnlyForDeploymentPostprocessing = 0;
		};
		DBF5FEC51B445122003D9391 /* Resources */ = {
			isa = PBXResourcesBuildPhase;
			buildActionMask = 2147483647;
			files = (
				DBF5FED01B445122003D9391 /* Images.xcassets in Resources */,
				DBF5FED41B445122003D9391 /* MC2 WatchKit App.app in Resources */,
			);
			runOnlyForDeploymentPostprocessing = 0;
		};
		DBF5FED11B445122003D9391 /* Resources */ = {
			isa = PBXResourcesBuildPhase;
			buildActionMask = 2147483647;
			files = (
				DBF5FEDC1B445122003D9391 /* Interface.storyboard in Resources */,
				DBF5FEDE1B445122003D9391 /* Images.xcassets in Resources */,
			);
			runOnlyForDeploymentPostprocessing = 0;
		};
/* End PBXResourcesBuildPhase section */

/* Begin PBXSourcesBuildPhase section */
		B930861C1B2103D900822E47 /* Sources */ = {
			isa = PBXSourcesBuildPhase;
			buildActionMask = 2147483647;
			files = (
				35D060471B4481AF00AD3E99 /* Overloading.swift in Sources */,
				B91160C31B3F4F4600187052 /* SKNode+Utils.swift in Sources */,
				B94B3EB31B43249E00D72FF8 /* DestroyableNode.swift in Sources */,
				B91160B91B3C6BEB00187052 /* Player.swift in Sources */,
				B91160B01B3C664000187052 /* Enemy.swift in Sources */,
				B91160B21B3C678D00187052 /* GameManager.swift in Sources */,
				352A505B1B457A6C001DC746 /* UIButton+BothStateImage.swift in Sources */,
				B98C0A0F1B4456C300394C09 /* UIImage+ImageColor.swift in Sources */,
				B930864F1B210BBB00822E47 /* AnalogStick.swift in Sources */,
				B930862A1B2103D900822E47 /* GameScene.swift in Sources */,
				DBF0A1C81B3C6EC5002C2D76 /* IA.swift in Sources */,
				B930862C1B2103D900822E47 /* GameViewController.swift in Sources */,
				DBF5FEC01B41BB3B003D9391 /* GameCenterManager.swift in Sources */,
				B91160AC1B39E61100187052 /* UIColor+Flat.swift in Sources */,
				35046C1F1B41ADB500FFD05C /* MainMenu.swift in Sources */,
				B93086261B2103D900822E47 /* AppDelegate.swift in Sources */,
				B91160B71B3C6A0D00187052 /* TriangleShip.swift in Sources */,
				B9451C5A1B24E68100B8978C /* Rope.swift in Sources */,
				B91160B41B3C67E700187052 /* SoundManager.swift in Sources */,
			);
			runOnlyForDeploymentPostprocessing = 0;
		};
		DBF5FEC31B445122003D9391 /* Sources */ = {
			isa = PBXSourcesBuildPhase;
			buildActionMask = 2147483647;
			files = (
				DBF5FECC1B445122003D9391 /* InterfaceController.swift in Sources */,
				DBF5FECE1B445122003D9391 /* GlanceController.swift in Sources */,
			);
			runOnlyForDeploymentPostprocessing = 0;
		};
/* End PBXSourcesBuildPhase section */

/* Begin PBXTargetDependency section */
		DBF5FED61B445122003D9391 /* PBXTargetDependency */ = {
			isa = PBXTargetDependency;
			target = DBF5FED21B445122003D9391 /* MC2 WatchKit App */;
			targetProxy = DBF5FED51B445122003D9391 /* PBXContainerItemProxy */;
		};
		DBF5FEE01B445122003D9391 /* PBXTargetDependency */ = {
			isa = PBXTargetDependency;
			target = DBF5FEC61B445122003D9391 /* MC2 WatchKit Extension */;
			targetProxy = DBF5FEDF1B445122003D9391 /* PBXContainerItemProxy */;
		};
/* End PBXTargetDependency section */

/* Begin PBXVariantGroup section */
		B930862D1B2103D900822E47 /* Main.storyboard */ = {
			isa = PBXVariantGroup;
			children = (
				B930862E1B2103D900822E47 /* Base */,
			);
			name = Main.storyboard;
			path = .;
			sourceTree = "<group>";
		};
		B93086321B2103D900822E47 /* LaunchScreen.xib */ = {
			isa = PBXVariantGroup;
			children = (
				B93086331B2103D900822E47 /* Base */,
			);
			name = LaunchScreen.xib;
			path = .;
			sourceTree = "<group>";
		};
		DBF5FEDA1B445122003D9391 /* Interface.storyboard */ = {
			isa = PBXVariantGroup;
			children = (
				DBF5FEDB1B445122003D9391 /* Base */,
			);
			name = Interface.storyboard;
			sourceTree = "<group>";
		};
/* End PBXVariantGroup section */

/* Begin XCBuildConfiguration section */
		B93086411B2103D900822E47 /* Debug */ = {
			isa = XCBuildConfiguration;
			buildSettings = {
				ALWAYS_SEARCH_USER_PATHS = NO;
				CLANG_CXX_LANGUAGE_STANDARD = "gnu++0x";
				CLANG_CXX_LIBRARY = "libc++";
				CLANG_ENABLE_MODULES = YES;
				CLANG_ENABLE_OBJC_ARC = YES;
				CLANG_WARN_BOOL_CONVERSION = YES;
				CLANG_WARN_CONSTANT_CONVERSION = YES;
				CLANG_WARN_DIRECT_OBJC_ISA_USAGE = YES_ERROR;
				CLANG_WARN_EMPTY_BODY = YES;
				CLANG_WARN_ENUM_CONVERSION = YES;
				CLANG_WARN_INT_CONVERSION = YES;
				CLANG_WARN_OBJC_ROOT_CLASS = YES_ERROR;
				CLANG_WARN_UNREACHABLE_CODE = YES;
				CLANG_WARN__DUPLICATE_METHOD_MATCH = YES;
				"CODE_SIGN_IDENTITY[sdk=iphoneos*]" = "iPhone Developer";
				COPY_PHASE_STRIP = NO;
				DEBUG_INFORMATION_FORMAT = "dwarf-with-dsym";
				ENABLE_STRICT_OBJC_MSGSEND = YES;
				GCC_C_LANGUAGE_STANDARD = gnu99;
				GCC_DYNAMIC_NO_PIC = NO;
				GCC_NO_COMMON_BLOCKS = YES;
				GCC_OPTIMIZATION_LEVEL = 0;
				GCC_PREPROCESSOR_DEFINITIONS = (
					"DEBUG=1",
					"$(inherited)",
				);
				GCC_SYMBOLS_PRIVATE_EXTERN = NO;
				GCC_WARN_64_TO_32_BIT_CONVERSION = YES;
				GCC_WARN_ABOUT_RETURN_TYPE = YES_ERROR;
				GCC_WARN_UNDECLARED_SELECTOR = YES;
				GCC_WARN_UNINITIALIZED_AUTOS = YES_AGGRESSIVE;
				GCC_WARN_UNUSED_FUNCTION = YES;
				GCC_WARN_UNUSED_VARIABLE = YES;
				IPHONEOS_DEPLOYMENT_TARGET = 7.0;
				MTL_ENABLE_DEBUG_INFO = YES;
				ONLY_ACTIVE_ARCH = YES;
				SDKROOT = iphoneos;
				SWIFT_OPTIMIZATION_LEVEL = "-Onone";
				TARGETED_DEVICE_FAMILY = "1,2";
			};
			name = Debug;
		};
		B93086421B2103D900822E47 /* Release */ = {
			isa = XCBuildConfiguration;
			buildSettings = {
				ALWAYS_SEARCH_USER_PATHS = NO;
				CLANG_CXX_LANGUAGE_STANDARD = "gnu++0x";
				CLANG_CXX_LIBRARY = "libc++";
				CLANG_ENABLE_MODULES = YES;
				CLANG_ENABLE_OBJC_ARC = YES;
				CLANG_WARN_BOOL_CONVERSION = YES;
				CLANG_WARN_CONSTANT_CONVERSION = YES;
				CLANG_WARN_DIRECT_OBJC_ISA_USAGE = YES_ERROR;
				CLANG_WARN_EMPTY_BODY = YES;
				CLANG_WARN_ENUM_CONVERSION = YES;
				CLANG_WARN_INT_CONVERSION = YES;
				CLANG_WARN_OBJC_ROOT_CLASS = YES_ERROR;
				CLANG_WARN_UNREACHABLE_CODE = YES;
				CLANG_WARN__DUPLICATE_METHOD_MATCH = YES;
				"CODE_SIGN_IDENTITY[sdk=iphoneos*]" = "iPhone Developer";
				COPY_PHASE_STRIP = NO;
				DEBUG_INFORMATION_FORMAT = "dwarf-with-dsym";
				ENABLE_NS_ASSERTIONS = NO;
				ENABLE_STRICT_OBJC_MSGSEND = YES;
				GCC_C_LANGUAGE_STANDARD = gnu99;
				GCC_NO_COMMON_BLOCKS = YES;
				GCC_WARN_64_TO_32_BIT_CONVERSION = YES;
				GCC_WARN_ABOUT_RETURN_TYPE = YES_ERROR;
				GCC_WARN_UNDECLARED_SELECTOR = YES;
				GCC_WARN_UNINITIALIZED_AUTOS = YES_AGGRESSIVE;
				GCC_WARN_UNUSED_FUNCTION = YES;
				GCC_WARN_UNUSED_VARIABLE = YES;
				IPHONEOS_DEPLOYMENT_TARGET = 7.0;
				MTL_ENABLE_DEBUG_INFO = NO;
				SDKROOT = iphoneos;
				TARGETED_DEVICE_FAMILY = "1,2";
				VALIDATE_PRODUCT = YES;
			};
			name = Release;
		};
		B93086441B2103D900822E47 /* Debug */ = {
			isa = XCBuildConfiguration;
			buildSettings = {
				ASSETCATALOG_COMPILER_APPICON_NAME = AppIcon;
				ASSETCATALOG_COMPILER_LAUNCHIMAGE_NAME = LaunchImage;
				CLANG_ENABLE_MODULES = YES;
				CODE_SIGN_IDENTITY = "iPhone Developer";
				"CODE_SIGN_IDENTITY[sdk=iphoneos*]" = "iPhone Developer";
				FRAMEWORK_SEARCH_PATHS = (
					"$(inherited)",
					"$(PROJECT_DIR)/MC2",
				);
				INFOPLIST_FILE = "MC2/Supporting Files/Info.plist";
				LD_RUNPATH_SEARCH_PATHS = "$(inherited) @executable_path/Frameworks";
				PRODUCT_NAME = "$(TARGET_NAME)";
				PROVISIONING_PROFILE = "";
				SWIFT_OBJC_BRIDGING_HEADER = "MC2/Supporting Files/Neon Fighter-Bridging-Header.h";
				SWIFT_OPTIMIZATION_LEVEL = "-Onone";
			};
			name = Debug;
		};
		B93086451B2103D900822E47 /* Release */ = {
			isa = XCBuildConfiguration;
			buildSettings = {
				ASSETCATALOG_COMPILER_APPICON_NAME = AppIcon;
				ASSETCATALOG_COMPILER_LAUNCHIMAGE_NAME = LaunchImage;
				CLANG_ENABLE_MODULES = YES;
				CODE_SIGN_IDENTITY = "iPhone Developer";
				"CODE_SIGN_IDENTITY[sdk=iphoneos*]" = "iPhone Developer";
				FRAMEWORK_SEARCH_PATHS = (
					"$(inherited)",
					"$(PROJECT_DIR)/MC2",
				);
				INFOPLIST_FILE = "MC2/Supporting Files/Info.plist";
				LD_RUNPATH_SEARCH_PATHS = "$(inherited) @executable_path/Frameworks";
				PRODUCT_NAME = "$(TARGET_NAME)";
				PROVISIONING_PROFILE = "";
				SWIFT_OBJC_BRIDGING_HEADER = "MC2/Supporting Files/Neon Fighter-Bridging-Header.h";
			};
			name = Release;
		};
		DBF5FEE21B445122003D9391 /* Debug */ = {
			isa = XCBuildConfiguration;
			buildSettings = {
				CODE_SIGN_IDENTITY = "iPhone Developer";
				"CODE_SIGN_IDENTITY[sdk=iphoneos*]" = "iPhone Developer";
				GCC_PREPROCESSOR_DEFINITIONS = (
					"DEBUG=1",
					"$(inherited)",
				);
				INFOPLIST_FILE = "MC2 WatchKit Extension/Info.plist";
				IPHONEOS_DEPLOYMENT_TARGET = 8.3;
				LD_RUNPATH_SEARCH_PATHS = "$(inherited) @executable_path/Frameworks @executable_path/../../Frameworks";
				PRODUCT_NAME = "${TARGET_NAME}";
				SKIP_INSTALL = YES;
			};
			name = Debug;
		};
		DBF5FEE31B445122003D9391 /* Release */ = {
			isa = XCBuildConfiguration;
			buildSettings = {
				CODE_SIGN_IDENTITY = "iPhone Developer";
				"CODE_SIGN_IDENTITY[sdk=iphoneos*]" = "iPhone Developer";
				INFOPLIST_FILE = "MC2 WatchKit Extension/Info.plist";
				IPHONEOS_DEPLOYMENT_TARGET = 8.3;
				LD_RUNPATH_SEARCH_PATHS = "$(inherited) @executable_path/Frameworks @executable_path/../../Frameworks";
				PRODUCT_NAME = "${TARGET_NAME}";
				SKIP_INSTALL = YES;
			};
			name = Release;
		};
		DBF5FEE41B445122003D9391 /* Debug */ = {
			isa = XCBuildConfiguration;
			buildSettings = {
				ASSETCATALOG_COMPILER_APPICON_NAME = AppIcon;
				CODE_SIGN_IDENTITY = "iPhone Developer";
				"CODE_SIGN_IDENTITY[sdk=iphoneos*]" = "iPhone Developer";
				GCC_PREPROCESSOR_DEFINITIONS = (
					"DEBUG=1",
					"$(inherited)",
				);
				IBSC_MODULE = MC2_WatchKit_Extension;
				INFOPLIST_FILE = "MC2 WatchKit App/Info.plist";
				IPHONEOS_DEPLOYMENT_TARGET = 8.2;
				PRODUCT_NAME = "$(TARGET_NAME)";
				PROVISIONING_PROFILE = "";
				SKIP_INSTALL = YES;
				TARGETED_DEVICE_FAMILY = 4;
				"TARGETED_DEVICE_FAMILY[sdk=iphonesimulator*]" = "1,4";
			};
			name = Debug;
		};
		DBF5FEE51B445122003D9391 /* Release */ = {
			isa = XCBuildConfiguration;
			buildSettings = {
				ASSETCATALOG_COMPILER_APPICON_NAME = AppIcon;
				CODE_SIGN_IDENTITY = "iPhone Developer";
				"CODE_SIGN_IDENTITY[sdk=iphoneos*]" = "iPhone Developer";
				IBSC_MODULE = MC2_WatchKit_Extension;
				INFOPLIST_FILE = "MC2 WatchKit App/Info.plist";
				IPHONEOS_DEPLOYMENT_TARGET = 8.2;
				PRODUCT_NAME = "$(TARGET_NAME)";
				PROVISIONING_PROFILE = "";
				SKIP_INSTALL = YES;
				TARGETED_DEVICE_FAMILY = 4;
				"TARGETED_DEVICE_FAMILY[sdk=iphonesimulator*]" = "1,4";
			};
			name = Release;
		};
/* End XCBuildConfiguration section */

/* Begin XCConfigurationList section */
		B930861B1B2103D900822E47 /* Build configuration list for PBXProject "MC2" */ = {
			isa = XCConfigurationList;
			buildConfigurations = (
				B93086411B2103D900822E47 /* Debug */,
				B93086421B2103D900822E47 /* Release */,
			);
			defaultConfigurationIsVisible = 0;
			defaultConfigurationName = Release;
		};
		B93086431B2103D900822E47 /* Build configuration list for PBXNativeTarget "Neon Fighter" */ = {
			isa = XCConfigurationList;
			buildConfigurations = (
				B93086441B2103D900822E47 /* Debug */,
				B93086451B2103D900822E47 /* Release */,
			);
			defaultConfigurationIsVisible = 0;
			defaultConfigurationName = Release;
		};
		DBF5FEE61B445122003D9391 /* Build configuration list for PBXNativeTarget "MC2 WatchKit App" */ = {
			isa = XCConfigurationList;
			buildConfigurations = (
				DBF5FEE41B445122003D9391 /* Debug */,
				DBF5FEE51B445122003D9391 /* Release */,
			);
			defaultConfigurationIsVisible = 0;
			defaultConfigurationName = Release;
		};
		DBF5FEE71B445122003D9391 /* Build configuration list for PBXNativeTarget "MC2 WatchKit Extension" */ = {
			isa = XCConfigurationList;
			buildConfigurations = (
				DBF5FEE21B445122003D9391 /* Debug */,
				DBF5FEE31B445122003D9391 /* Release */,
			);
			defaultConfigurationIsVisible = 0;
			defaultConfigurationName = Release;
		};
/* End XCConfigurationList section */
	};
	rootObject = B93086181B2103D900822E47 /* Project object */;
}
